
Microsoft Visual Studio Solution File, Format Version 12.00
# Visual Studio Version 16
VisualStudioVersion = 16.0.30717.126
MinimumVisualStudioVersion = 10.0.40219.1
Project("{FAE04EC0-301F-11D3-BF4B-00C04F79EFBC}") = "Ymltekstil.IdeaSoft.Server", "Ymltekstil.IdeaSoft.Server\Ymltekstil.IdeaSoft.Server.csproj", "{F8CC5F73-8E4B-4237-AF37-BC2BC4ADDD9F}"
EndProject
Global
	GlobalSection(SolutionConfigurationPlatforms) = preSolution
		Debug|Any CPU = Debug|Any CPU
		Release|Any CPU = Release|Any CPU
	EndGlobalSection
	GlobalSection(ProjectConfigurationPlatforms) = postSolution
		{F8CC5F73-8E4B-4237-AF37-BC2BC4ADDD9F}.Debug|Any CPU.ActiveCfg = Debug|Any CPU
		{F8CC5F73-8E4B-4237-AF37-BC2BC4ADDD9F}.Debug|Any CPU.Build.0 = Debug|Any CPU
		{F8CC5F73-8E4B-4237-AF37-BC2BC4ADDD9F}.Release|Any CPU.ActiveCfg = Release|Any CPU
		{F8CC5F73-8E4B-4237-AF37-BC2BC4ADDD9F}.Release|Any CPU.Build.0 = Release|Any CPU
	EndGlobalSection
	GlobalSection(SolutionProperties) = preSolution
		HideSolutionNode = FALSE
	EndGlobalSection
	GlobalSection(ExtensibilityGlobals) = postSolution
		SolutionGuid = {65139B07-757E-4F07-97BF-68B7975BAEE7}
	EndGlobalSection
EndGlobal
